
Microsoft Visual Studio Solution File, Format Version 12.00
# Visual Studio Version 16
VisualStudioVersion = 16.0.31025.194
MinimumVisualStudioVersion = 10.0.40219.1
Project("{FAE04EC0-301F-11D3-BF4B-00C04F79EFBC}") = "BlazorServerApp", "BlazorServerApp\BlazorServerApp.csproj", "{827E8CBA-F28C-4DEF-8FD2-19FE81A4E57E}"
EndProject
Project("{FAE04EC0-301F-11D3-BF4B-00C04F79EFBC}") = "WeatherForecastService", "WeatherForecastService\WeatherForecastService.csproj", "{98C03643-305C-4605-AD5B-1741911DD1B0}"
EndProject
Global
	GlobalSection(SolutionConfigurationPlatforms) = preSolution
		Debug|Any CPU = Debug|Any CPU
		Release|Any CPU = Release|Any CPU
	EndGlobalSection
	GlobalSection(ProjectConfigurationPlatforms) = postSolution
		{827E8CBA-F28C-4DEF-8FD2-19FE81A4E57E}.Debug|Any CPU.ActiveCfg = Debug|Any CPU
		{827E8CBA-F28C-4DEF-8FD2-19FE81A4E57E}.Debug|Any CPU.Build.0 = Debug|Any CPU
		{827E8CBA-F28C-4DEF-8FD2-19FE81A4E57E}.Release|Any CPU.ActiveCfg = Release|Any CPU
		{827E8CBA-F28C-4DEF-8FD2-19FE81A4E57E}.Release|Any CPU.Build.0 = Release|Any CPU
		{98C03643-305C-4605-AD5B-1741911DD1B0}.Debug|Any CPU.ActiveCfg = Debug|Any CPU
		{98C03643-305C-4605-AD5B-1741911DD1B0}.Debug|Any CPU.Build.0 = Debug|Any CPU
		{98C03643-305C-4605-AD5B-1741911DD1B0}.Release|Any CPU.ActiveCfg = Release|Any CPU
		{98C03643-305C-4605-AD5B-1741911DD1B0}.Release|Any CPU.Build.0 = Release|Any CPU
	EndGlobalSection
	GlobalSection(SolutionProperties) = preSolution
		HideSolutionNode = FALSE
	EndGlobalSection
	GlobalSection(ExtensibilityGlobals) = postSolution
		SolutionGuid = {ECB1EB2F-6163-4496-ADEA-0CD1F999A210}
	EndGlobalSection
EndGlobal
